// !$*UTF8*$!
{
	archiveVersion = 1;
	classes = {
	};
	objectVersion = 46;
	objects = {

/* Begin PBXBuildFile section */
		5B1D3BF41FD5C1F1001D3FF3 /* words2.plist in Resources */ = {isa = PBXBuildFile; fileRef = 5B1D3BF31FD5C1F1001D3FF3 /* words2.plist */; };
		5B28DC621F8545C80008304B /* PauseScene.swift in Sources */ = {isa = PBXBuildFile; fileRef = 5B28DC611F8545C80008304B /* PauseScene.swift */; };
		5B4FE62C1FD4CD70007162D6 /* wrongKeyPress.wav in Resources */ = {isa = PBXBuildFile; fileRef = 5B4FE62B1FD4CD6F007162D6 /* wrongKeyPress.wav */; };
		5B4FE62E1FD4CD7F007162D6 /* keyPressBright.wav in Resources */ = {isa = PBXBuildFile; fileRef = 5B4FE62D1FD4CD7F007162D6 /* keyPressBright.wav */; };
		5B4FE6301FD4CD89007162D6 /* m2.mp3 in Resources */ = {isa = PBXBuildFile; fileRef = 5B4FE62F1FD4CD89007162D6 /* m2.mp3 */; };
		5B5B6DEF1F82B3D700277538 /* DifficultyScene.swift in Sources */ = {isa = PBXBuildFile; fileRef = 5B5B6DEE1F82B3D700277538 /* DifficultyScene.swift */; };
		5BB0060F1F81789A0053FC9B /* HighScoreScene.swift in Sources */ = {isa = PBXBuildFile; fileRef = 5BB0060E1F81789A0053FC9B /* HighScoreScene.swift */; };
		5BCCE9581F83DEE2007EFD86 /* AnimationHelper.swift in Sources */ = {isa = PBXBuildFile; fileRef = 5BCCE9571F83DEE2007EFD86 /* AnimationHelper.swift */; };
		5BF5D0F01F81A30700BCD04A /* Fipps-Regular.otf in Resources */ = {isa = PBXBuildFile; fileRef = 5BF5D0EF1F81A2E000BCD04A /* Fipps-Regular.otf */; };
		6301B8291FA525EA00F2C2E4 /* Game.swift in Sources */ = {isa = PBXBuildFile; fileRef = 6301B8281FA525E900F2C2E4 /* Game.swift */; };
		63CFD51E1F80135200A95068 /* AppDelegate.swift in Sources */ = {isa = PBXBuildFile; fileRef = 63CFD51D1F80135200A95068 /* AppDelegate.swift */; };
		63CFD5241F80135200A95068 /* GameScene.swift in Sources */ = {isa = PBXBuildFile; fileRef = 63CFD5231F80135200A95068 /* GameScene.swift */; };
		63CFD5261F80135200A95068 /* GameViewController.swift in Sources */ = {isa = PBXBuildFile; fileRef = 63CFD5251F80135200A95068 /* GameViewController.swift */; };
		63CFD5291F80135200A95068 /* Main.storyboard in Resources */ = {isa = PBXBuildFile; fileRef = 63CFD5271F80135200A95068 /* Main.storyboard */; };
		63CFD52B1F80135200A95068 /* Assets.xcassets in Resources */ = {isa = PBXBuildFile; fileRef = 63CFD52A1F80135200A95068 /* Assets.xcassets */; };
		63CFD52E1F80135200A95068 /* LaunchScreen.storyboard in Resources */ = {isa = PBXBuildFile; fileRef = 63CFD52C1F80135200A95068 /* LaunchScreen.storyboard */; };
		63CFD5361F80149A00A95068 /* MenuScene.swift in Sources */ = {isa = PBXBuildFile; fileRef = 63CFD5351F80149A00A95068 /* MenuScene.swift */; };
		A58EAE4B1F9C256900CACCD7 /* CountdownLabel.swift in Sources */ = {isa = PBXBuildFile; fileRef = A58EAE4A1F9C256800CACCD7 /* CountdownLabel.swift */; };
		A5A304051F92B7D600A8D393 /* SettingScene.swift in Sources */ = {isa = PBXBuildFile; fileRef = A5A304041F92B7D600A8D393 /* SettingScene.swift */; };
		A5A304071F92B8B000A8D393 /* words.plist in Resources */ = {isa = PBXBuildFile; fileRef = A5A304061F92B8B000A8D393 /* words.plist */; };
		A5AA551B1FD08A190053C05D /* MusicHelper.swift in Sources */ = {isa = PBXBuildFile; fileRef = A5AA551A1FD08A190053C05D /* MusicHelper.swift */; };
		A5AA551D1FD08A540053C05D /* EndScene2.swift in Sources */ = {isa = PBXBuildFile; fileRef = A5AA551C1FD08A540053C05D /* EndScene2.swift */; };
		A5AB4F6C1FAE650E00E55650 /* ScrollBackground.swift in Sources */ = {isa = PBXBuildFile; fileRef = A5AB4F6B1FAE650E00E55650 /* ScrollBackground.swift */; };
		A5AB4F6E1FAE6DC300E55650 /* EndScene.swift in Sources */ = {isa = PBXBuildFile; fileRef = A5AB4F6D1FAE6DC300E55650 /* EndScene.swift */; };
		A5B400E71FD49C21002C33F9 /* iphoneTypeHelper.swift in Sources */ = {isa = PBXBuildFile; fileRef = A5B400E61FD49C21002C33F9 /* iphoneTypeHelper.swift */; };
		A5E3593B1F9BCF630092C9E2 /* Keyboard.swift in Sources */ = {isa = PBXBuildFile; fileRef = A5E3593A1F9BCF630092C9E2 /* Keyboard.swift */; };
/* End PBXBuildFile section */

/* Begin PBXFileReference section */
		5B1D3BF31FD5C1F1001D3FF3 /* words2.plist */ = {isa = PBXFileReference; lastKnownFileType = text.plist.xml; path = words2.plist; sourceTree = "<group>"; };
		5B28DC611F8545C80008304B /* PauseScene.swift */ = {isa = PBXFileReference; lastKnownFileType = sourcecode.swift; path = PauseScene.swift; sourceTree = "<group>"; };
		5B4FE62B1FD4CD6F007162D6 /* wrongKeyPress.wav */ = {isa = PBXFileReference; lastKnownFileType = audio.wav; path = wrongKeyPress.wav; sourceTree = "<group>"; };
		5B4FE62D1FD4CD7F007162D6 /* keyPressBright.wav */ = {isa = PBXFileReference; lastKnownFileType = audio.wav; path = keyPressBright.wav; sourceTree = "<group>"; };
		5B4FE62F1FD4CD89007162D6 /* m2.mp3 */ = {isa = PBXFileReference; lastKnownFileType = audio.mp3; path = m2.mp3; sourceTree = "<group>"; };
		5B5B6DEE1F82B3D700277538 /* DifficultyScene.swift */ = {isa = PBXFileReference; lastKnownFileType = sourcecode.swift; path = DifficultyScene.swift; sourceTree = "<group>"; };
		5BB0060E1F81789A0053FC9B /* HighScoreScene.swift */ = {isa = PBXFileReference; lastKnownFileType = sourcecode.swift; path = HighScoreScene.swift; sourceTree = "<group>"; };
		5BCCE9571F83DEE2007EFD86 /* AnimationHelper.swift */ = {isa = PBXFileReference; lastKnownFileType = sourcecode.swift; path = AnimationHelper.swift; sourceTree = "<group>"; };
		5BF5D0EF1F81A2E000BCD04A /* Fipps-Regular.otf */ = {isa = PBXFileReference; lastKnownFileType = file; path = "Fipps-Regular.otf"; sourceTree = "<group>"; };
		6301B8281FA525E900F2C2E4 /* Game.swift */ = {isa = PBXFileReference; fileEncoding = 4; lastKnownFileType = sourcecode.swift; path = Game.swift; sourceTree = "<group>"; };
		63CFD51A1F80135200A95068 /* KrazyKeys.app */ = {isa = PBXFileReference; explicitFileType = wrapper.application; includeInIndex = 0; path = KrazyKeys.app; sourceTree = BUILT_PRODUCTS_DIR; };
		63CFD51D1F80135200A95068 /* AppDelegate.swift */ = {isa = PBXFileReference; lastKnownFileType = sourcecode.swift; path = AppDelegate.swift; sourceTree = "<group>"; };
		63CFD5231F80135200A95068 /* GameScene.swift */ = {isa = PBXFileReference; lastKnownFileType = sourcecode.swift; path = GameScene.swift; sourceTree = "<group>"; };
		63CFD5251F80135200A95068 /* GameViewController.swift */ = {isa = PBXFileReference; lastKnownFileType = sourcecode.swift; path = GameViewController.swift; sourceTree = "<group>"; };
		63CFD5281F80135200A95068 /* Base */ = {isa = PBXFileReference; lastKnownFileType = file.storyboard; name = Base; path = Base.lproj/Main.storyboard; sourceTree = "<group>"; };
		63CFD52A1F80135200A95068 /* Assets.xcassets */ = {isa = PBXFileReference; lastKnownFileType = folder.assetcatalog; path = Assets.xcassets; sourceTree = "<group>"; };
		63CFD52D1F80135200A95068 /* Base */ = {isa = PBXFileReference; lastKnownFileType = file.storyboard; name = Base; path = Base.lproj/LaunchScreen.storyboard; sourceTree = "<group>"; };
		63CFD52F1F80135200A95068 /* Info.plist */ = {isa = PBXFileReference; lastKnownFileType = text.plist.xml; path = Info.plist; sourceTree = "<group>"; };
		63CFD5351F80149A00A95068 /* MenuScene.swift */ = {isa = PBXFileReference; fileEncoding = 4; lastKnownFileType = sourcecode.swift; path = MenuScene.swift; sourceTree = "<group>"; };
		A58EAE4A1F9C256800CACCD7 /* CountdownLabel.swift */ = {isa = PBXFileReference; fileEncoding = 4; lastKnownFileType = sourcecode.swift; path = CountdownLabel.swift; sourceTree = "<group>"; };
		A5A304041F92B7D600A8D393 /* SettingScene.swift */ = {isa = PBXFileReference; lastKnownFileType = sourcecode.swift; path = SettingScene.swift; sourceTree = "<group>"; };
		A5A304061F92B8B000A8D393 /* words.plist */ = {isa = PBXFileReference; lastKnownFileType = text.plist.xml; path = words.plist; sourceTree = "<group>"; };
		A5AA551A1FD08A190053C05D /* MusicHelper.swift */ = {isa = PBXFileReference; lastKnownFileType = sourcecode.swift; path = MusicHelper.swift; sourceTree = "<group>"; };
		A5AA551C1FD08A540053C05D /* EndScene2.swift */ = {isa = PBXFileReference; fileEncoding = 4; lastKnownFileType = sourcecode.swift; path = EndScene2.swift; sourceTree = "<group>"; };
		A5AB4F6B1FAE650E00E55650 /* ScrollBackground.swift */ = {isa = PBXFileReference; lastKnownFileType = sourcecode.swift; path = ScrollBackground.swift; sourceTree = "<group>"; };
		A5AB4F6D1FAE6DC300E55650 /* EndScene.swift */ = {isa = PBXFileReference; lastKnownFileType = sourcecode.swift; path = EndScene.swift; sourceTree = "<group>"; };
		A5B400E61FD49C21002C33F9 /* iphoneTypeHelper.swift */ = {isa = PBXFileReference; lastKnownFileType = sourcecode.swift; path = iphoneTypeHelper.swift; sourceTree = "<group>"; };
		A5E3593A1F9BCF630092C9E2 /* Keyboard.swift */ = {isa = PBXFileReference; lastKnownFileType = sourcecode.swift; path = Keyboard.swift; sourceTree = "<group>"; };
/* End PBXFileReference section */

/* Begin PBXFrameworksBuildPhase section */
		63CFD5171F80135200A95068 /* Frameworks */ = {
			isa = PBXFrameworksBuildPhase;
			buildActionMask = 2147483647;
			files = (
			);
			runOnlyForDeploymentPostprocessing = 0;
		};
/* End PBXFrameworksBuildPhase section */

/* Begin PBXGroup section */
		63CFD5111F80135200A95068 = {
			isa = PBXGroup;
			children = (
				63CFD51C1F80135200A95068 /* KrazyKeys */,
				63CFD51B1F80135200A95068 /* Products */,
			);
			sourceTree = "<group>";
		};
		63CFD51B1F80135200A95068 /* Products */ = {
			isa = PBXGroup;
			children = (
				63CFD51A1F80135200A95068 /* KrazyKeys.app */,
			);
			name = Products;
			sourceTree = "<group>";
		};
		63CFD51C1F80135200A95068 /* KrazyKeys */ = {
			isa = PBXGroup;
			children = (
				63CFD51D1F80135200A95068 /* AppDelegate.swift */,
				A5AB4F6B1FAE650E00E55650 /* ScrollBackground.swift */,
				63CFD5351F80149A00A95068 /* MenuScene.swift */,
				5B5B6DEE1F82B3D700277538 /* DifficultyScene.swift */,
				63CFD5231F80135200A95068 /* GameScene.swift */,
				6301B8281FA525E900F2C2E4 /* Game.swift */,
				5B28DC611F8545C80008304B /* PauseScene.swift */,
				5BB0060E1F81789A0053FC9B /* HighScoreScene.swift */,
				A5A304041F92B7D600A8D393 /* SettingScene.swift */,
				A5AB4F6D1FAE6DC300E55650 /* EndScene.swift */,
				A5AA551C1FD08A540053C05D /* EndScene2.swift */,
				A5AA551A1FD08A190053C05D /* MusicHelper.swift */,
				A5B400E61FD49C21002C33F9 /* iphoneTypeHelper.swift */,
				5BCCE9571F83DEE2007EFD86 /* AnimationHelper.swift */,
				A58EAE4A1F9C256800CACCD7 /* CountdownLabel.swift */,
				63CFD5251F80135200A95068 /* GameViewController.swift */,
				A5E3593A1F9BCF630092C9E2 /* Keyboard.swift */,
				63CFD5271F80135200A95068 /* Main.storyboard */,
				63CFD52A1F80135200A95068 /* Assets.xcassets */,
				5B4FE62B1FD4CD6F007162D6 /* wrongKeyPress.wav */,
				5B4FE62D1FD4CD7F007162D6 /* keyPressBright.wav */,
				5B4FE62F1FD4CD89007162D6 /* m2.mp3 */,
				5BF5D0EF1F81A2E000BCD04A /* Fipps-Regular.otf */,
				63CFD52C1F80135200A95068 /* LaunchScreen.storyboard */,
				63CFD52F1F80135200A95068 /* Info.plist */,
				A5A304061F92B8B000A8D393 /* words.plist */,
				5B1D3BF31FD5C1F1001D3FF3 /* words2.plist */,
			);
			path = KrazyKeys;
			sourceTree = "<group>";
		};
/* End PBXGroup section */

/* Begin PBXNativeTarget section */
		63CFD5191F80135200A95068 /* KrazyKeys */ = {
			isa = PBXNativeTarget;
			buildConfigurationList = 63CFD5321F80135200A95068 /* Build configuration list for PBXNativeTarget "KrazyKeys" */;
			buildPhases = (
				63CFD5161F80135200A95068 /* Sources */,
				63CFD5171F80135200A95068 /* Frameworks */,
				63CFD5181F80135200A95068 /* Resources */,
			);
			buildRules = (
			);
			dependencies = (
			);
			name = KrazyKeys;
			productName = KrazyKeys;
			productReference = 63CFD51A1F80135200A95068 /* KrazyKeys.app */;
			productType = "com.apple.product-type.application";
		};
/* End PBXNativeTarget section */

/* Begin PBXProject section */
		63CFD5121F80135200A95068 /* Project object */ = {
			isa = PBXProject;
			attributes = {
				LastSwiftUpdateCheck = 0830;
				LastUpgradeCheck = 0830;
				ORGANIZATIONNAME = nedink;
				TargetAttributes = {
					63CFD5191F80135200A95068 = {
						CreatedOnToolsVersion = 8.3.3;
						DevelopmentTeam = XK6SN6HZQZ;
						ProvisioningStyle = Automatic;
					};
				};
			};
			buildConfigurationList = 63CFD5151F80135200A95068 /* Build configuration list for PBXProject "KrazyKeys" */;
			compatibilityVersion = "Xcode 3.2";
			developmentRegion = English;
			hasScannedForEncodings = 0;
			knownRegions = (
				en,
				Base,
			);
			mainGroup = 63CFD5111F80135200A95068;
			productRefGroup = 63CFD51B1F80135200A95068 /* Products */;
			projectDirPath = "";
			projectRoot = "";
			targets = (
				63CFD5191F80135200A95068 /* KrazyKeys */,
			);
		};
/* End PBXProject section */

/* Begin PBXResourcesBuildPhase section */
		63CFD5181F80135200A95068 /* Resources */ = {
			isa = PBXResourcesBuildPhase;
			buildActionMask = 2147483647;
			files = (
				5B4FE62E1FD4CD7F007162D6 /* keyPressBright.wav in Resources */,
				63CFD5291F80135200A95068 /* Main.storyboard in Resources */,
				63CFD52B1F80135200A95068 /* Assets.xcassets in Resources */,
				5B4FE6301FD4CD89007162D6 /* m2.mp3 in Resources */,
				5B4FE62C1FD4CD70007162D6 /* wrongKeyPress.wav in Resources */,
				5BF5D0F01F81A30700BCD04A /* Fipps-Regular.otf in Resources */,
				63CFD52E1F80135200A95068 /* LaunchScreen.storyboard in Resources */,
				5B1D3BF41FD5C1F1001D3FF3 /* words2.plist in Resources */,
				A5A304071F92B8B000A8D393 /* words.plist in Resources */,
			);
			runOnlyForDeploymentPostprocessing = 0;
		};
/* End PBXResourcesBuildPhase section */

/* Begin PBXSourcesBuildPhase section */
		63CFD5161F80135200A95068 /* Sources */ = {
			isa = PBXSourcesBuildPhase;
			buildActionMask = 2147483647;
			files = (
				A5AA551B1FD08A190053C05D /* MusicHelper.swift in Sources */,
				A5AA551D1FD08A540053C05D /* EndScene2.swift in Sources */,
				5B28DC621F8545C80008304B /* PauseScene.swift in Sources */,
				63CFD5241F80135200A95068 /* GameScene.swift in Sources */,
				A5E3593B1F9BCF630092C9E2 /* Keyboard.swift in Sources */,
				5B5B6DEF1F82B3D700277538 /* DifficultyScene.swift in Sources */,
				A58EAE4B1F9C256900CACCD7 /* CountdownLabel.swift in Sources */,
				5BCCE9581F83DEE2007EFD86 /* AnimationHelper.swift in Sources */,
				A5AB4F6C1FAE650E00E55650 /* ScrollBackground.swift in Sources */,
				5BB0060F1F81789A0053FC9B /* HighScoreScene.swift in Sources */,
				63CFD5361F80149A00A95068 /* MenuScene.swift in Sources */,
				A5B400E71FD49C21002C33F9 /* iphoneTypeHelper.swift in Sources */,
				63CFD5261F80135200A95068 /* GameViewController.swift in Sources */,
				A5AB4F6E1FAE6DC300E55650 /* EndScene.swift in Sources */,
				63CFD51E1F80135200A95068 /* AppDelegate.swift in Sources */,
				A5A304051F92B7D600A8D393 /* SettingScene.swift in Sources */,
				6301B8291FA525EA00F2C2E4 /* Game.swift in Sources */,
			);
			runOnlyForDeploymentPostprocessing = 0;
		};
/* End PBXSourcesBuildPhase section */

/* Begin PBXVariantGroup section */
		63CFD5271F80135200A95068 /* Main.storyboard */ = {
			isa = PBXVariantGroup;
			children = (
				63CFD5281F80135200A95068 /* Base */,
			);
			name = Main.storyboard;
			sourceTree = "<group>";
		};
		63CFD52C1F80135200A95068 /* LaunchScreen.storyboard */ = {
			isa = PBXVariantGroup;
			children = (
				63CFD52D1F80135200A95068 /* Base */,
			);
			name = LaunchScreen.storyboard;
			sourceTree = "<group>";
		};
/* End PBXVariantGroup section */

/* Begin XCBuildConfiguration section */
		63CFD5301F80135200A95068 /* Debug */ = {
			isa = XCBuildConfiguration;
			buildSettings = {
				ALWAYS_SEARCH_USER_PATHS = NO;
				CLANG_ANALYZER_NONNULL = YES;
				CLANG_ANALYZER_NUMBER_OBJECT_CONVERSION = YES_AGGRESSIVE;
				CLANG_CXX_LANGUAGE_STANDARD = "gnu++0x";
				CLANG_CXX_LIBRARY = "libc++";
				CLANG_ENABLE_MODULES = YES;
				CLANG_ENABLE_OBJC_ARC = YES;
				CLANG_WARN_BOOL_CONVERSION = YES;
				CLANG_WARN_CONSTANT_CONVERSION = YES;
				CLANG_WARN_DIRECT_OBJC_ISA_USAGE = YES_ERROR;
				CLANG_WARN_DOCUMENTATION_COMMENTS = YES;
				CLANG_WARN_EMPTY_BODY = YES;
				CLANG_WARN_ENUM_CONVERSION = YES;
				CLANG_WARN_INFINITE_RECURSION = YES;
				CLANG_WARN_INT_CONVERSION = YES;
				CLANG_WARN_OBJC_ROOT_CLASS = YES_ERROR;
				CLANG_WARN_SUSPICIOUS_MOVE = YES;
				CLANG_WARN_UNREACHABLE_CODE = YES;
				CLANG_WARN__DUPLICATE_METHOD_MATCH = YES;
				"CODE_SIGN_IDENTITY[sdk=iphoneos*]" = "iPhone Developer";
				COPY_PHASE_STRIP = NO;
				DEBUG_INFORMATION_FORMAT = dwarf;
				ENABLE_STRICT_OBJC_MSGSEND = YES;
				ENABLE_TESTABILITY = YES;
				GCC_C_LANGUAGE_STANDARD = gnu99;
				GCC_DYNAMIC_NO_PIC = NO;
				GCC_NO_COMMON_BLOCKS = YES;
				GCC_OPTIMIZATION_LEVEL = 0;
				GCC_PREPROCESSOR_DEFINITIONS = (
					"DEBUG=1",
					"$(inherited)",
				);
				GCC_WARN_64_TO_32_BIT_CONVERSION = YES;
				GCC_WARN_ABOUT_RETURN_TYPE = YES_ERROR;
				GCC_WARN_UNDECLARED_SELECTOR = YES;
				GCC_WARN_UNINITIALIZED_AUTOS = YES_AGGRESSIVE;
				GCC_WARN_UNUSED_FUNCTION = YES;
				GCC_WARN_UNUSED_VARIABLE = YES;
				IPHONEOS_DEPLOYMENT_TARGET = 10.3;
				MTL_ENABLE_DEBUG_INFO = YES;
				ONLY_ACTIVE_ARCH = YES;
				SDKROOT = iphoneos;
				SWIFT_ACTIVE_COMPILATION_CONDITIONS = DEBUG;
				SWIFT_OPTIMIZATION_LEVEL = "-Onone";
			};
			name = Debug;
		};
		63CFD5311F80135200A95068 /* Release */ = {
			isa = XCBuildConfiguration;
			buildSettings = {
				ALWAYS_SEARCH_USER_PATHS = NO;
				CLANG_ANALYZER_NONNULL = YES;
				CLANG_ANALYZER_NUMBER_OBJECT_CONVERSION = YES_AGGRESSIVE;
				CLANG_CXX_LANGUAGE_STANDARD = "gnu++0x";
				CLANG_CXX_LIBRARY = "libc++";
				CLANG_ENABLE_MODULES = YES;
				CLANG_ENABLE_OBJC_ARC = YES;
				CLANG_WARN_BOOL_CONVERSION = YES;
				CLANG_WARN_CONSTANT_CONVERSION = YES;
				CLANG_WARN_DIRECT_OBJC_ISA_USAGE = YES_ERROR;
				CLANG_WARN_DOCUMENTATION_COMMENTS = YES;
				CLANG_WARN_EMPTY_BODY = YES;
				CLANG_WARN_ENUM_CONVERSION = YES;
				CLANG_WARN_INFINITE_RECURSION = YES;
				CLANG_WARN_INT_CONVERSION = YES;
				CLANG_WARN_OBJC_ROOT_CLASS = YES_ERROR;
				CLANG_WARN_SUSPICIOUS_MOVE = YES;
				CLANG_WARN_UNREACHABLE_CODE = YES;
				CLANG_WARN__DUPLICATE_METHOD_MATCH = YES;
				"CODE_SIGN_IDENTITY[sdk=iphoneos*]" = "iPhone Developer";
				COPY_PHASE_STRIP = NO;
				DEBUG_INFORMATION_FORMAT = "dwarf-with-dsym";
				ENABLE_NS_ASSERTIONS = NO;
				ENABLE_STRICT_OBJC_MSGSEND = YES;
				GCC_C_LANGUAGE_STANDARD = gnu99;
				GCC_NO_COMMON_BLOCKS = YES;
				GCC_WARN_64_TO_32_BIT_CONVERSION = YES;
				GCC_WARN_ABOUT_RETURN_TYPE = YES_ERROR;
				GCC_WARN_UNDECLARED_SELECTOR = YES;
				GCC_WARN_UNINITIALIZED_AUTOS = YES_AGGRESSIVE;
				GCC_WARN_UNUSED_FUNCTION = YES;
				GCC_WARN_UNUSED_VARIABLE = YES;
				IPHONEOS_DEPLOYMENT_TARGET = 10.3;
				MTL_ENABLE_DEBUG_INFO = NO;
				SDKROOT = iphoneos;
				SWIFT_OPTIMIZATION_LEVEL = "-Owholemodule";
				VALIDATE_PRODUCT = YES;
			};
			name = Release;
		};
		63CFD5331F80135200A95068 /* Debug */ = {
			isa = XCBuildConfiguration;
			buildSettings = {
				ASSETCATALOG_COMPILER_APPICON_NAME = AppIcon;
				DEVELOPMENT_TEAM = XK6SN6HZQZ;
				INFOPLIST_FILE = KrazyKeys/Info.plist;
				LD_RUNPATH_SEARCH_PATHS = "$(inherited) @executable_path/Frameworks";
				PRODUCT_BUNDLE_IDENTIFIER = com.nedink.crazyKeys;
				PRODUCT_NAME = "$(TARGET_NAME)";
				SWIFT_VERSION = 3.0;
				TARGETED_DEVICE_FAMILY = "1,2";
			};
			name = Debug;
		};
		63CFD5341F80135200A95068 /* Release */ = {
			isa = XCBuildConfiguration;
			buildSettings = {
				ASSETCATALOG_COMPILER_APPICON_NAME = AppIcon;
				DEVELOPMENT_TEAM = XK6SN6HZQZ;
				INFOPLIST_FILE = KrazyKeys/Info.plist;
				LD_RUNPATH_SEARCH_PATHS = "$(inherited) @executable_path/Frameworks";
				PRODUCT_BUNDLE_IDENTIFIER = com.nedink.crazyKeys;
				PRODUCT_NAME = "$(TARGET_NAME)";
				SWIFT_VERSION = 3.0;
				TARGETED_DEVICE_FAMILY = "1,2";
			};
			name = Release;
		};
/* End XCBuildConfiguration section */

/* Begin XCConfigurationList section */
		63CFD5151F80135200A95068 /* Build configuration list for PBXProject "KrazyKeys" */ = {
			isa = XCConfigurationList;
			buildConfigurations = (
				63CFD5301F80135200A95068 /* Debug */,
				63CFD5311F80135200A95068 /* Release */,
			);
			defaultConfigurationIsVisible = 0;
			defaultConfigurationName = Release;
		};
		63CFD5321F80135200A95068 /* Build configuration list for PBXNativeTarget "KrazyKeys" */ = {
			isa = XCConfigurationList;
			buildConfigurations = (
				63CFD5331F80135200A95068 /* Debug */,
				63CFD5341F80135200A95068 /* Release */,
			);
			defaultConfigurationIsVisible = 0;
			defaultConfigurationName = Release;
		};
/* End XCConfigurationList section */
	};
	rootObject = 63CFD5121F80135200A95068 /* Project object */;
}
